
Microsoft Visual Studio Solution File, Format Version 12.00
# Visual Studio Version 16
VisualStudioVersion = 16.0.30523.141
MinimumVisualStudioVersion = 10.0.40219.1
Project("{FAE04EC0-301F-11D3-BF4B-00C04F79EFBC}") = "AppStock", "AppStock\AppStock.csproj", "{24942C81-C4DB-4037-A35C-EC58C2FEF235}"
EndProject
Project("{FAE04EC0-301F-11D3-BF4B-00C04F79EFBC}") = "Dominio", "Dominio\Dominio.csproj", "{72C96351-A31E-4953-AE10-37512AF63517}"
EndProject
Project("{FAE04EC0-301F-11D3-BF4B-00C04F79EFBC}") = "Negocio", "Negocio\Negocio.csproj", "{AD8F3702-49EF-4A80-BF5D-22D89A774AA7}"
EndProject
Global
	GlobalSection(SolutionConfigurationPlatforms) = preSolution
		Debug|Any CPU = Debug|Any CPU
		Release|Any CPU = Release|Any CPU
	EndGlobalSection
	GlobalSection(ProjectConfigurationPlatforms) = postSolution
		{24942C81-C4DB-4037-A35C-EC58C2FEF235}.Debug|Any CPU.ActiveCfg = Debug|Any CPU
		{24942C81-C4DB-4037-A35C-EC58C2FEF235}.Debug|Any CPU.Build.0 = Debug|Any CPU
		{24942C81-C4DB-4037-A35C-EC58C2FEF235}.Release|Any CPU.ActiveCfg = Release|Any CPU
		{24942C81-C4DB-4037-A35C-EC58C2FEF235}.Release|Any CPU.Build.0 = Release|Any CPU
		{72C96351-A31E-4953-AE10-37512AF63517}.Debug|Any CPU.ActiveCfg = Debug|Any CPU
		{72C96351-A31E-4953-AE10-37512AF63517}.Debug|Any CPU.Build.0 = Debug|Any CPU
		{72C96351-A31E-4953-AE10-37512AF63517}.Release|Any CPU.ActiveCfg = Release|Any CPU
		{72C96351-A31E-4953-AE10-37512AF63517}.Release|Any CPU.Build.0 = Release|Any CPU
		{AD8F3702-49EF-4A80-BF5D-22D89A774AA7}.Debug|Any CPU.ActiveCfg = Debug|Any CPU
		{AD8F3702-49EF-4A80-BF5D-22D89A774AA7}.Debug|Any CPU.Build.0 = Debug|Any CPU
		{AD8F3702-49EF-4A80-BF5D-22D89A774AA7}.Release|Any CPU.ActiveCfg = Release|Any CPU
		{AD8F3702-49EF-4A80-BF5D-22D89A774AA7}.Release|Any CPU.Build.0 = Release|Any CPU
	EndGlobalSection
	GlobalSection(SolutionProperties) = preSolution
		HideSolutionNode = FALSE
	EndGlobalSection
	GlobalSection(ExtensibilityGlobals) = postSolution
		SolutionGuid = {8DE6CDF4-4111-4ECA-BD98-B8A3A08C6BA2}
	EndGlobalSection
EndGlobal
